
Microsoft Visual Studio Solution File, Format Version 12.00
# Visual Studio Version 17
VisualStudioVersion = 17.1.32319.34
MinimumVisualStudioVersion = 10.0.40219.1
Project("{9A19103F-16F7-4668-BE54-9A1E7A4F7556}") = "API", "API\API.csproj", "{47D8C6E1-AF61-40FF-8214-D313DEFE8B81}"
EndProject
Project("{2150E333-8FDC-42A3-9474-1A3956D46DE8}") = "Solution Items", "Solution Items", "{C2349D24-1018-422C-9150-8DA78981193C}"
	ProjectSection(SolutionItems) = preProject
		Core\Entities\Product.cs = Core\Entities\Product.cs
		tye.yaml = tye.yaml
	EndProjectSection
EndProject
Project("{9A19103F-16F7-4668-BE54-9A1E7A4F7556}") = "Core", "Core\Core.csproj", "{04AFB699-7352-4463-92D4-819A12583C17}"
EndProject
Project("{9A19103F-16F7-4668-BE54-9A1E7A4F7556}") = "Infrastructure", "Infrastructure\Infrastructure.csproj", "{E964EF6C-8D79-4720-8DCB-4FF97BA4CBDE}"
EndProject
Project("{FAE04EC0-301F-11D3-BF4B-00C04F79EFBC}") = "ecomwebui", "ecomwebui\ecomwebui.csproj", "{B82CC36D-442E-41EE-A02E-83DB5E9D9F8B}"
EndProject
Project("{FAE04EC0-301F-11D3-BF4B-00C04F79EFBC}") = "ecomblazorwebui", "ecomblazorwebui\ecomblazorwebui.csproj", "{3FD13B4A-6A3B-489A-B869-45911DDDE2FF}"
EndProject
Global
	GlobalSection(SolutionConfigurationPlatforms) = preSolution
		Debug|Any CPU = Debug|Any CPU
		Release|Any CPU = Release|Any CPU
	EndGlobalSection
	GlobalSection(ProjectConfigurationPlatforms) = postSolution
		{47D8C6E1-AF61-40FF-8214-D313DEFE8B81}.Debug|Any CPU.ActiveCfg = Debug|Any CPU
		{47D8C6E1-AF61-40FF-8214-D313DEFE8B81}.Debug|Any CPU.Build.0 = Debug|Any CPU
		{47D8C6E1-AF61-40FF-8214-D313DEFE8B81}.Release|Any CPU.ActiveCfg = Release|Any CPU
		{47D8C6E1-AF61-40FF-8214-D313DEFE8B81}.Release|Any CPU.Build.0 = Release|Any CPU
		{04AFB699-7352-4463-92D4-819A12583C17}.Debug|Any CPU.ActiveCfg = Debug|Any CPU
		{04AFB699-7352-4463-92D4-819A12583C17}.Debug|Any CPU.Build.0 = Debug|Any CPU
		{04AFB699-7352-4463-92D4-819A12583C17}.Release|Any CPU.ActiveCfg = Release|Any CPU
		{04AFB699-7352-4463-92D4-819A12583C17}.Release|Any CPU.Build.0 = Release|Any CPU
		{E964EF6C-8D79-4720-8DCB-4FF97BA4CBDE}.Debug|Any CPU.ActiveCfg = Debug|Any CPU
		{E964EF6C-8D79-4720-8DCB-4FF97BA4CBDE}.Debug|Any CPU.Build.0 = Debug|Any CPU
		{E964EF6C-8D79-4720-8DCB-4FF97BA4CBDE}.Release|Any CPU.ActiveCfg = Release|Any CPU
		{E964EF6C-8D79-4720-8DCB-4FF97BA4CBDE}.Release|Any CPU.Build.0 = Release|Any CPU
		{B82CC36D-442E-41EE-A02E-83DB5E9D9F8B}.Debug|Any CPU.ActiveCfg = Debug|Any CPU
		{B82CC36D-442E-41EE-A02E-83DB5E9D9F8B}.Debug|Any CPU.Build.0 = Debug|Any CPU
		{B82CC36D-442E-41EE-A02E-83DB5E9D9F8B}.Release|Any CPU.ActiveCfg = Release|Any CPU
		{B82CC36D-442E-41EE-A02E-83DB5E9D9F8B}.Release|Any CPU.Build.0 = Release|Any CPU
		{3FD13B4A-6A3B-489A-B869-45911DDDE2FF}.Debug|Any CPU.ActiveCfg = Debug|Any CPU
		{3FD13B4A-6A3B-489A-B869-45911DDDE2FF}.Debug|Any CPU.Build.0 = Debug|Any CPU
		{3FD13B4A-6A3B-489A-B869-45911DDDE2FF}.Release|Any CPU.ActiveCfg = Release|Any CPU
		{3FD13B4A-6A3B-489A-B869-45911DDDE2FF}.Release|Any CPU.Build.0 = Release|Any CPU
	EndGlobalSection
	GlobalSection(SolutionProperties) = preSolution
		HideSolutionNode = FALSE
	EndGlobalSection
	GlobalSection(ExtensibilityGlobals) = postSolution
		SolutionGuid = {7F7D61A9-625B-48E5-96E9-CC25C85A0856}
	EndGlobalSection
EndGlobal
